
Microsoft Visual Studio Solution File, Format Version 12.00
# Visual Studio Version 17
VisualStudioVersion = 17.5.33502.453
MinimumVisualStudioVersion = 10.0.40219.1
Project("{888888A0-9F3D-457C-B088-3A5042F75D52}") = "joker_gr_prediction", "joker_gr_prediction.pyproj", "{C5360971-CBF0-4AA0-9749-68B31C3F1240}"
EndProject
Global
	GlobalSection(SolutionConfigurationPlatforms) = preSolution
		Debug|Any CPU = Debug|Any CPU
		Release|Any CPU = Release|Any CPU
	EndGlobalSection
	GlobalSection(ProjectConfigurationPlatforms) = postSolution
		{C5360971-CBF0-4AA0-9749-68B31C3F1240}.Debug|Any CPU.ActiveCfg = Debug|Any CPU
		{C5360971-CBF0-4AA0-9749-68B31C3F1240}.Release|Any CPU.ActiveCfg = Release|Any CPU
	EndGlobalSection
	GlobalSection(SolutionProperties) = preSolution
		HideSolutionNode = FALSE
	EndGlobalSection
	GlobalSection(ExtensibilityGlobals) = postSolution
		SolutionGuid = {AEF91BE0-F8A1-4924-BB75-E75672B2459C}
	EndGlobalSection
EndGlobal
